
Microsoft Visual Studio Solution File, Format Version 12.00
# Visual Studio Version 16
VisualStudioVersion = 16.0.31321.278
MinimumVisualStudioVersion = 10.0.40219.1
Project("{9A19103F-16F7-4668-BE54-9A1E7A4F7556}") = "UserAuthorization", "Test\UserAuthorization.csproj", "{4B9D333A-32A5-4378-838D-257F3EE9172E}"
EndProject
Project("{9A19103F-16F7-4668-BE54-9A1E7A4F7556}") = "HashingAlgorithm", "HashingAlghoritm\HashingAlgorithm.csproj", "{AF4BA4A7-3173-4D4D-8F5A-9573511393B9}"
EndProject
Global
	GlobalSection(SolutionConfigurationPlatforms) = preSolution
		Debug|Any CPU = Debug|Any CPU
		Release|Any CPU = Release|Any CPU
	EndGlobalSection
	GlobalSection(ProjectConfigurationPlatforms) = postSolution
		{4B9D333A-32A5-4378-838D-257F3EE9172E}.Debug|Any CPU.ActiveCfg = Debug|Any CPU
		{4B9D333A-32A5-4378-838D-257F3EE9172E}.Debug|Any CPU.Build.0 = Debug|Any CPU
		{4B9D333A-32A5-4378-838D-257F3EE9172E}.Release|Any CPU.ActiveCfg = Release|Any CPU
		{4B9D333A-32A5-4378-838D-257F3EE9172E}.Release|Any CPU.Build.0 = Release|Any CPU
		{AF4BA4A7-3173-4D4D-8F5A-9573511393B9}.Debug|Any CPU.ActiveCfg = Debug|Any CPU
		{AF4BA4A7-3173-4D4D-8F5A-9573511393B9}.Debug|Any CPU.Build.0 = Debug|Any CPU
		{AF4BA4A7-3173-4D4D-8F5A-9573511393B9}.Release|Any CPU.ActiveCfg = Release|Any CPU
		{AF4BA4A7-3173-4D4D-8F5A-9573511393B9}.Release|Any CPU.Build.0 = Release|Any CPU
	EndGlobalSection
	GlobalSection(SolutionProperties) = preSolution
		HideSolutionNode = FALSE
	EndGlobalSection
	GlobalSection(ExtensibilityGlobals) = postSolution
		SolutionGuid = {B9BE1EB3-803D-4DAA-B6E3-787DC145D181}
	EndGlobalSection
EndGlobal
